:config:
  segments:
    - [0x0A, 0xEB2A00]
  virtual: [0x0A000000, 0xEB2A00]

vtx_0:
  { type: VTX, offset: 0x0A000000, count: 22, symbol: vtx_0 }
vtx_160:
  { type: VTX, offset: 0x0A000160, count: 22, symbol: vtx_160 }

dlist_2C0:
  { type: GFX, offset: 0x0A0002C0, symbol: dlist_2C0 }
dlist_370:
  { type: GFX, offset: 0x0A000370, symbol: dlist_370 }

tex_420:
  { type: TEXTURE, format: RGBA16, offset: 0x0A000420, width: 32, height: 32, symbol: tex_420 }
tex_C20:
  { type: TEXTURE, format: RGBA16, offset: 0x0A000C20, width: 32, height: 32, symbol: tex_C20 }
