:config:
  segments:
    - [0x0A, 0xEAF250]
  virtual: [0x0A000000, 0xEAF250]

vtx_0:
  { type: VTX, offset: 0x0A000000, count: 16, symbol: vtx_0 }
vtx_100:
  { type: VTX, offset: 0x0A000100, count: 8, symbol: vtx_100 }

tex_180:
  { type: TEXTURE, format: CI4, offset: 0x0A000180, width: 32, height: 32, symbol: tex_180 }
tlut_380:
  { type: TEXTURE, format: RGBA16, offset: 0x0A000380, width: 16, height: 1, symbol: tlut_380 }

dlist_3A0:
  { type: GFX, offset: 0x0A0003A0, symbol: dlist_3A0 }
dlist_440:
  { type: GFX, offset: 0x0A000440, symbol: dlist_440 }
dlist_488:
  { type: GFX, offset: 0x0A000488, symbol: dlist_488 }
dlist_4E0:
  { type: GFX, offset: 0x0A0004E0, symbol: dlist_4E0 }
